
Microsoft Visual Studio Solution File, Format Version 12.00
# Visual Studio Version 16
VisualStudioVersion = 16.0.31313.79
MinimumVisualStudioVersion = 10.0.40219.1
Project("{FAE04EC0-301F-11D3-BF4B-00C04F79EFBC}") = "PocAdapterWebApi", "PocAdapterWebApi\PocAdapterWebApi.csproj", "{BFF39840-690F-4A25-A291-1BE369B28414}"
EndProject
Global
	GlobalSection(SolutionConfigurationPlatforms) = preSolution
		Debug|Any CPU = Debug|Any CPU
		Release|Any CPU = Release|Any CPU
	EndGlobalSection
	GlobalSection(ProjectConfigurationPlatforms) = postSolution
		{BFF39840-690F-4A25-A291-1BE369B28414}.Debug|Any CPU.ActiveCfg = Debug|Any CPU
		{BFF39840-690F-4A25-A291-1BE369B28414}.Debug|Any CPU.Build.0 = Debug|Any CPU
		{BFF39840-690F-4A25-A291-1BE369B28414}.Release|Any CPU.ActiveCfg = Release|Any CPU
		{BFF39840-690F-4A25-A291-1BE369B28414}.Release|Any CPU.Build.0 = Release|Any CPU
	EndGlobalSection
	GlobalSection(SolutionProperties) = preSolution
		HideSolutionNode = FALSE
	EndGlobalSection
	GlobalSection(ExtensibilityGlobals) = postSolution
		SolutionGuid = {C6315F0E-B127-4A8E-AED4-680E60935FEF}
	EndGlobalSection
EndGlobal
